{
  "name": "websocket",
  "version": "1.1.0",
  "lockfileVersion": 1,
  "requires": true,
  "dependencies": {
    "accepts": {
      "version": "1.3.7",
      "resolved": "http://nexus.sinosafe.com.cn/repository/npm-all/accepts/-/accepts-1.3.7.tgz",
      "integrity": "sha1-UxvHJlF6OytB+FACHGzBXqq1B80=",
      "requires": {
        "mime-types": "~2.1.24",
        "negotiator": "0.6.2"
      }
    },
    "after": {
      "version": "0.8.2",
      "resolved": "http://nexus.sinosafe.com.cn/repository/npm-all/after/-/after-0.8.2.tgz",
      "integrity": "sha1-/ts5T58OAqqXaOcCvaI7UF+ufh8="
    },
    "any-promise": {
      "version": "1.3.0",
      "resolved": "http://nexus.sinosafe.com.cn/repository/npm-all/any-promise/-/any-promise-1.3.0.tgz",
      "integrity": "sha1-q8av7tzqUugJzcA3au0845Y10X8="
    },
    "arraybuffer.slice": {
      "version": "0.0.7",
      "resolved": "http://nexus.sinosafe.com.cn/repository/npm-all/arraybuffer.slice/-/arraybuffer.slice-0.0.7.tgz",
      "integrity": "sha1-O7xCdd1YTMGxCAm4nU6LY6aednU="
    },
    "backo2": {
      "version": "1.0.2",
      "resolved": "http://nexus.sinosafe.com.cn/repository/npm-all/backo2/-/backo2-1.0.2.tgz",
      "integrity": "sha1-MasayLEpNjRj41s+u2n038+6eUc="
    },
    "base64-arraybuffer": {
      "version": "0.1.4",
      "resolved": "http://nexus.sinosafe.com.cn/repository/npm-all/base64-arraybuffer/-/base64-arraybuffer-0.1.4.tgz",
      "integrity": "sha1-mBjHngWbE1X5fgQooBfIOOkLqBI="
    },
    "base64id": {
      "version": "2.0.0",
      "resolved": "http://nexus.sinosafe.com.cn/repository/npm-all/base64id/-/base64id-2.0.0.tgz",
      "integrity": "sha1-J3Csa8R9MSr5eov5pjQ0LgzSXLY="
    },
    "blob": {
      "version": "0.0.5",
      "resolved": "http://nexus.sinosafe.com.cn/repository/npm-all/blob/-/blob-0.0.5.tgz",
      "integrity": "sha1-1oDu7yX4zZGtUz9bAe7UjmTK9oM="
    },
    "cache-content-type": {
      "version": "1.0.1",
      "resolved": "http://nexus.sinosafe.com.cn/repository/npm-all/cache-content-type/-/cache-content-type-1.0.1.tgz",
      "integrity": "sha1-A1zeKwjuISn0qDFeqPAKANuhRTw=",
      "requires": {
        "mime-types": "^2.1.18",
        "ylru": "^1.2.0"
      }
    },
    "co": {
      "version": "4.6.0",
      "resolved": "http://nexus.sinosafe.com.cn/repository/npm-all/co/-/co-4.6.0.tgz",
      "integrity": "sha1-bqa989hTrlTMuOR7+gvz+QMfsYQ="
    },
    "component-bind": {
      "version": "1.0.0",
      "resolved": "http://nexus.sinosafe.com.cn/repository/npm-all/component-bind/-/component-bind-1.0.0.tgz",
      "integrity": "sha1-AMYIq33Nk4l8AAllGx06jh5zu9E="
    },
    "component-emitter": {
      "version": "1.3.0",
      "resolved": "http://nexus.sinosafe.com.cn/repository/npm-all/component-emitter/-/component-emitter-1.3.0.tgz",
      "integrity": "sha1-FuQHD7qK4ptnnyIVhT7hgasuq8A="
    },
    "component-inherit": {
      "version": "0.0.3",
      "resolved": "http://nexus.sinosafe.com.cn/repository/npm-all/component-inherit/-/component-inherit-0.0.3.tgz",
      "integrity": "sha1-ZF/ErfWLcrZJ1crmUTVhnbJv8UM="
    },
    "compressible": {
      "version": "2.0.18",
      "resolved": "http://nexus.sinosafe.com.cn/repository/npm-all/compressible/-/compressible-2.0.18.tgz",
      "integrity": "sha1-r1PMprBw1MPAdQ+9dyhqbXzEb7o=",
      "requires": {
        "mime-db": ">= 1.43.0 < 2"
      }
    },
    "content-disposition": {
      "version": "0.5.3",
      "resolved": "http://nexus.sinosafe.com.cn/repository/npm-all/content-disposition/-/content-disposition-0.5.3.tgz",
      "integrity": "sha1-4TDK9+cnkIfFYWwgB9BIVpiYT70=",
      "requires": {
        "safe-buffer": "5.1.2"
      }
    },
    "content-type": {
      "version": "1.0.4",
      "resolved": "http://nexus.sinosafe.com.cn/repository/npm-all/content-type/-/content-type-1.0.4.tgz",
      "integrity": "sha1-4TjMdeBAxyexlm/l5fjJruJW/js="
    },
    "cookie": {
      "version": "0.4.1",
      "resolved": "http://nexus.sinosafe.com.cn/repository/npm-all/cookie/-/cookie-0.4.1.tgz",
      "integrity": "sha1-r9cT/ibr0hupXOth+agRblClN9E="
    },
    "cookies": {
      "version": "0.8.0",
      "resolved": "http://nexus.sinosafe.com.cn/repository/npm-all/cookies/-/cookies-0.8.0.tgz",
      "integrity": "sha1-EpPOSzkXQKhAbjyYcOgoxLVPP5A=",
      "requires": {
        "depd": "~2.0.0",
        "keygrip": "~1.1.0"
      }
    },
    "core-util-is": {
      "version": "1.0.2",
      "resolved": "http://nexus.sinosafe.com.cn/repository/npm-all/core-util-is/-/core-util-is-1.0.2.tgz",
      "integrity": "sha1-tf1UIgqivFq1eqtxQMlAdUUDwac="
    },
    "debug": {
      "version": "3.2.7",
      "resolved": "http://nexus.sinosafe.com.cn/repository/npm-all/debug/-/debug-3.2.7.tgz",
      "integrity": "sha1-clgLfpFF+zm2Z2+cXl+xALk0F5o=",
      "requires": {
        "ms": "^2.1.1"
      },
      "dependencies": {
        "ms": {
          "version": "2.1.3",
          "resolved": "http://nexus.sinosafe.com.cn/repository/npm-all/ms/-/ms-2.1.3.tgz",
          "integrity": "sha1-V0yBOM4dK1hh8LRFedut1gxmFbI="
        }
      }
    },
    "deep-equal": {
      "version": "1.0.1",
      "resolved": "http://nexus.sinosafe.com.cn/repository/npm-all/deep-equal/-/deep-equal-1.0.1.tgz",
      "integrity": "sha1-9dJgKStmDghO/0zbyfCK0yR0SLU="
    },
    "delegates": {
      "version": "1.0.0",
      "resolved": "http://nexus.sinosafe.com.cn/repository/npm-all/delegates/-/delegates-1.0.0.tgz",
      "integrity": "sha1-hMbhWbgZBP3KWaDvRM2HDTElD5o="
    },
    "denque": {
      "version": "1.5.0",
      "resolved": "http://nexus.sinosafe.com.cn/repository/npm-all/denque/-/denque-1.5.0.tgz",
      "integrity": "sha1-dz3gaG/y2Owv+SkUMWpHtzscc94="
    },
    "depd": {
      "version": "2.0.0",
      "resolved": "http://nexus.sinosafe.com.cn/repository/npm-all/depd/-/depd-2.0.0.tgz",
      "integrity": "sha1-tpYWPMdXVg0JzyLMj60Vcbeedt8="
    },
    "destroy": {
      "version": "1.0.4",
      "resolved": "http://nexus.sinosafe.com.cn/repository/npm-all/destroy/-/destroy-1.0.4.tgz",
      "integrity": "sha1-l4hXRCxEdJ5CBmE+N5RiBYJqvYA="
    },
    "ee-first": {
      "version": "1.1.1",
      "resolved": "http://nexus.sinosafe.com.cn/repository/npm-all/ee-first/-/ee-first-1.1.1.tgz",
      "integrity": "sha1-WQxhFWsK4vTwJVcyoViyZrxWsh0="
    },
    "egg-socket.io": {
      "version": "4.1.6",
      "resolved": "http://nexus.sinosafe.com.cn/repository/npm-all/egg-socket.io/-/egg-socket.io-4.1.6.tgz",
      "integrity": "sha1-xtmcbRT/A3BKT5WlHAdfQMXEYho=",
      "requires": {
        "debug": "^4.1.0",
        "delegates": "^1.0.0",
        "is-type-of": "^1.2.1",
        "koa-compose": "^4.1.0",
        "socket.io": "^2.1.1",
        "socket.io-redis": "^5.2.0"
      },
      "dependencies": {
        "debug": {
          "version": "4.3.1",
          "resolved": "http://nexus.sinosafe.com.cn/repository/npm-all/debug/-/debug-4.3.1.tgz",
          "integrity": "sha1-8NIpxQXgxtjEmsVT0bE9wYP2su4=",
          "requires": {
            "ms": "2.1.2"
          }
        },
        "ms": {
          "version": "2.1.2",
          "resolved": "http://nexus.sinosafe.com.cn/repository/npm-all/ms/-/ms-2.1.2.tgz",
          "integrity": "sha1-0J0fNXtEP0kzgqjrPM0YOHKuYAk="
        }
      }
    },
    "encodeurl": {
      "version": "1.0.2",
      "resolved": "http://nexus.sinosafe.com.cn/repository/npm-all/encodeurl/-/encodeurl-1.0.2.tgz",
      "integrity": "sha1-rT/0yG7C0CkyL1oCw6mmBslbP1k="
    },
    "engine.io": {
      "version": "3.5.0",
      "resolved": "http://nexus.sinosafe.com.cn/repository/npm-all/engine.io/-/engine.io-3.5.0.tgz",
      "integrity": "sha1-nWuYXIo5sf6HzZHrAU3gVSJZghs=",
      "requires": {
        "accepts": "~1.3.4",
        "base64id": "2.0.0",
        "cookie": "~0.4.1",
        "debug": "~4.1.0",
        "engine.io-parser": "~2.2.0",
        "ws": "~7.4.2"
      },
      "dependencies": {
        "debug": {
          "version": "4.1.1",
          "resolved": "http://nexus.sinosafe.com.cn/repository/npm-all/debug/-/debug-4.1.1.tgz",
          "integrity": "sha1-O3ImAlUQnGtYnO4FDx1RYTlmR5E=",
          "requires": {
            "ms": "^2.1.1"
          }
        },
        "ms": {
          "version": "2.1.3",
          "resolved": "http://nexus.sinosafe.com.cn/repository/npm-all/ms/-/ms-2.1.3.tgz",
          "integrity": "sha1-V0yBOM4dK1hh8LRFedut1gxmFbI="
        }
      }
    },
    "engine.io-client": {
      "version": "3.5.2",
      "resolved": "http://nexus.sinosafe.com.cn/repository/npm-all/engine.io-client/-/engine.io-client-3.5.2.tgz",
      "integrity": "sha1-DvRzYhKUAE6c7r5zzvCvnjby9fo=",
      "requires": {
        "component-emitter": "~1.3.0",
        "component-inherit": "0.0.3",
        "debug": "~3.1.0",
        "engine.io-parser": "~2.2.0",
        "has-cors": "1.1.0",
        "indexof": "0.0.1",
        "parseqs": "0.0.6",
        "parseuri": "0.0.6",
        "ws": "~7.4.2",
        "xmlhttprequest-ssl": "~1.6.2",
        "yeast": "0.1.2"
      },
      "dependencies": {
        "debug": {
          "version": "3.1.0",
          "resolved": "http://nexus.sinosafe.com.cn/repository/npm-all/debug/-/debug-3.1.0.tgz",
          "integrity": "sha1-W7WgZyYotkFJVmuhaBnmFRjGcmE=",
          "requires": {
            "ms": "2.0.0"
          }
        }
      }
    },
    "engine.io-parser": {
      "version": "2.2.1",
      "resolved": "http://nexus.sinosafe.com.cn/repository/npm-all/engine.io-parser/-/engine.io-parser-2.2.1.tgz",
      "integrity": "sha1-V85WEdk3DulPmWQbWJ+UyX5PXac=",
      "requires": {
        "after": "0.8.2",
        "arraybuffer.slice": "~0.0.7",
        "base64-arraybuffer": "0.1.4",
        "blob": "0.0.5",
        "has-binary2": "~1.0.2"
      }
    },
    "escape-html": {
      "version": "1.0.3",
      "resolved": "http://nexus.sinosafe.com.cn/repository/npm-all/escape-html/-/escape-html-1.0.3.tgz",
      "integrity": "sha1-Aljq5NPQwJdN4cFpGI7wBR0dGYg="
    },
    "fresh": {
      "version": "0.5.2",
      "resolved": "http://nexus.sinosafe.com.cn/repository/npm-all/fresh/-/fresh-0.5.2.tgz",
      "integrity": "sha1-PYyt2Q2XZWn6g1qx+OSyOhBWBac="
    },
    "fs-readdir-recursive": {
      "version": "1.1.0",
      "resolved": "http://nexus.sinosafe.com.cn/repository/npm-all/fs-readdir-recursive/-/fs-readdir-recursive-1.1.0.tgz",
      "integrity": "sha1-4y/AMKLM7kSmtTcTCNpUvgs5fSc="
    },
    "has-binary2": {
      "version": "1.0.3",
      "resolved": "http://nexus.sinosafe.com.cn/repository/npm-all/has-binary2/-/has-binary2-1.0.3.tgz",
      "integrity": "sha1-d3asYn8+p3JQz8My2rfd9eT10R0=",
      "requires": {
        "isarray": "2.0.1"
      }
    },
    "has-cors": {
      "version": "1.1.0",
      "resolved": "http://nexus.sinosafe.com.cn/repository/npm-all/has-cors/-/has-cors-1.1.0.tgz",
      "integrity": "sha1-XkdHk/fqmEPRu5nCPu9J/xJv/zk="
    },
    "http-assert": {
      "version": "1.4.1",
      "resolved": "http://nexus.sinosafe.com.cn/repository/npm-all/http-assert/-/http-assert-1.4.1.tgz",
      "integrity": "sha1-xfcl1neqfoc+9zYZm4lobM6zeHg=",
      "requires": {
        "deep-equal": "~1.0.1",
        "http-errors": "~1.7.2"
      },
      "dependencies": {
        "depd": {
          "version": "1.1.2",
          "resolved": "http://nexus.sinosafe.com.cn/repository/npm-all/depd/-/depd-1.1.2.tgz",
          "integrity": "sha1-m81S4UwJd2PnSbJ0xDRu0uVgtak="
        },
        "http-errors": {
          "version": "1.7.3",
          "resolved": "http://nexus.sinosafe.com.cn/repository/npm-all/http-errors/-/http-errors-1.7.3.tgz",
          "integrity": "sha1-bGGeT5xgMIw4UZSYwU+7EKrOuwY=",
          "requires": {
            "depd": "~1.1.2",
            "inherits": "2.0.4",
            "setprototypeof": "1.1.1",
            "statuses": ">= 1.5.0 < 2",
            "toidentifier": "1.0.0"
          }
        }
      }
    },
    "http-errors": {
      "version": "1.8.0",
      "resolved": "http://nexus.sinosafe.com.cn/repository/npm-all/http-errors/-/http-errors-1.8.0.tgz",
      "integrity": "sha1-ddG75JfhBE9R5O6ecEpi8o0zZQc=",
      "requires": {
        "depd": "~1.1.2",
        "inherits": "2.0.4",
        "setprototypeof": "1.2.0",
        "statuses": ">= 1.5.0 < 2",
        "toidentifier": "1.0.0"
      },
      "dependencies": {
        "depd": {
          "version": "1.1.2",
          "resolved": "http://nexus.sinosafe.com.cn/repository/npm-all/depd/-/depd-1.1.2.tgz",
          "integrity": "sha1-m81S4UwJd2PnSbJ0xDRu0uVgtak="
        },
        "setprototypeof": {
          "version": "1.2.0",
          "resolved": "http://nexus.sinosafe.com.cn/repository/npm-all/setprototypeof/-/setprototypeof-1.2.0.tgz",
          "integrity": "sha1-ZsmiSnP5/CjL5msJ/tPTPcrxtCQ="
        }
      }
    },
    "indexof": {
      "version": "0.0.1",
      "resolved": "http://nexus.sinosafe.com.cn/repository/npm-all/indexof/-/indexof-0.0.1.tgz",
      "integrity": "sha1-gtwzbSMrkGIXnQWrMpOmYFn9Q10="
    },
    "inherits": {
      "version": "2.0.4",
      "resolved": "http://nexus.sinosafe.com.cn/repository/npm-all/inherits/-/inherits-2.0.4.tgz",
      "integrity": "sha1-D6LGT5MpF8NDOg3tVTY6rjdBa3w="
    },
    "is-class-hotfix": {
      "version": "0.0.6",
      "resolved": "http://nexus.sinosafe.com.cn/repository/npm-all/is-class-hotfix/-/is-class-hotfix-0.0.6.tgz",
      "integrity": "sha1-pSfTH7IyeSgd3l84XHe13nCnJDU="
    },
    "is-generator-function": {
      "version": "1.0.9",
      "resolved": "http://nexus.sinosafe.com.cn/repository/npm-all/is-generator-function/-/is-generator-function-1.0.9.tgz",
      "integrity": "sha1-5fgsIyNnPn/K09EoWMg8QDn2OZw="
    },
    "is-type-of": {
      "version": "1.2.1",
      "resolved": "http://nexus.sinosafe.com.cn/repository/npm-all/is-type-of/-/is-type-of-1.2.1.tgz",
      "integrity": "sha1-4mPsOFes608oxHEw7HjbCakg+MU=",
      "requires": {
        "core-util-is": "^1.0.2",
        "is-class-hotfix": "~0.0.6",
        "isstream": "~0.1.2"
      }
    },
    "isarray": {
      "version": "2.0.1",
      "resolved": "http://nexus.sinosafe.com.cn/repository/npm-all/isarray/-/isarray-2.0.1.tgz",
      "integrity": "sha1-o32U7ZzaLVmGXJ92/llu4fM4dB4="
    },
    "isstream": {
      "version": "0.1.2",
      "resolved": "http://nexus.sinosafe.com.cn/repository/npm-all/isstream/-/isstream-0.1.2.tgz",
      "integrity": "sha1-R+Y/evVa+m+S4VAOaQ64uFKcCZo="
    },
    "keygrip": {
      "version": "1.1.0",
      "resolved": "http://nexus.sinosafe.com.cn/repository/npm-all/keygrip/-/keygrip-1.1.0.tgz",
      "integrity": "sha1-hxsWgdXhWcYqRFsMdLYV4JF+ciY=",
      "requires": {
        "tsscmp": "1.0.6"
      }
    },
    "koa": {
      "version": "2.13.1",
      "requires": {
        "accepts": "^1.3.5",
        "cache-content-type": "^1.0.0",
        "content-disposition": "~0.5.2",
        "content-type": "^1.0.4",
        "cookies": "~0.8.0",
        "debug": "~3.1.0",
        "delegates": "^1.0.0",
        "depd": "^2.0.0",
        "destroy": "^1.0.4",
        "encodeurl": "^1.0.2",
        "escape-html": "^1.0.3",
        "fresh": "~0.5.2",
        "http-assert": "^1.3.0",
        "http-errors": "^1.6.3",
        "is-generator-function": "^1.0.7",
        "koa-compose": "^4.1.0",
        "koa-convert": "^1.2.0",
        "on-finished": "^2.3.0",
        "only": "~0.0.2",
        "parseurl": "^1.3.2",
        "statuses": "^1.5.0",
        "type-is": "^1.6.16",
        "vary": "^1.1.2"
      },
      "dependencies": {
        "debug": {
          "version": "3.1.0",
          "resolved": "http://nexus.sinosafe.com.cn/repository/npm-all/debug/-/debug-3.1.0.tgz",
          "integrity": "sha1-W7WgZyYotkFJVmuhaBnmFRjGcmE=",
          "requires": {
            "ms": "2.0.0"
          }
        }
      }
    },
    "koa-compose": {
      "version": "4.1.0",
      "resolved": "http://nexus.sinosafe.com.cn/repository/npm-all/koa-compose/-/koa-compose-4.1.0.tgz",
      "integrity": "sha1-UHMGuTcZAdtBEhyBLpI9DWfT6Hc="
    },
    "koa-convert": {
      "version": "1.2.0",
      "resolved": "http://nexus.sinosafe.com.cn/repository/npm-all/koa-convert/-/koa-convert-1.2.0.tgz",
      "integrity": "sha1-2kCHXfSd4FOQmNFwC1CCDOvNIdA=",
      "requires": {
        "co": "^4.6.0",
        "koa-compose": "^3.0.0"
      },
      "dependencies": {
        "koa-compose": {
          "version": "3.2.1",
          "resolved": "http://nexus.sinosafe.com.cn/repository/npm-all/koa-compose/-/koa-compose-3.2.1.tgz",
          "integrity": "sha1-qFzLQLfZhtjlo0Wzoazo6rz1Tec=",
          "requires": {
            "any-promise": "^1.1.0"
          }
        }
      }
    },
    "koa-router": {
      "version": "10.0.0",
      "requires": {
        "debug": "^4.1.1",
        "http-errors": "^1.7.3",
        "koa-compose": "^4.1.0",
        "methods": "^1.1.2",
        "path-to-regexp": "^6.1.0"
      },
      "dependencies": {
        "debug": {
          "version": "4.3.1",
          "resolved": "http://nexus.sinosafe.com.cn/repository/npm-all/debug/-/debug-4.3.1.tgz",
          "integrity": "sha1-8NIpxQXgxtjEmsVT0bE9wYP2su4=",
          "requires": {
            "ms": "2.1.2"
          }
        },
        "ms": {
          "version": "2.1.2",
          "resolved": "http://nexus.sinosafe.com.cn/repository/npm-all/ms/-/ms-2.1.2.tgz",
          "integrity": "sha1-0J0fNXtEP0kzgqjrPM0YOHKuYAk="
        }
      }
    },
    "koa-static-cache": {
      "version": "5.1.4",
      "requires": {
        "compressible": "^2.0.6",
        "debug": "^3.1.0",
        "fs-readdir-recursive": "^1.0.0",
        "mime-types": "^2.1.8",
        "mz": "^2.7.0"
      }
    },
    "media-typer": {
      "version": "0.3.0",
      "resolved": "http://nexus.sinosafe.com.cn/repository/npm-all/media-typer/-/media-typer-0.3.0.tgz",
      "integrity": "sha1-hxDXrwqmJvj/+hzgAWhUUmMlV0g="
    },
    "methods": {
      "version": "1.1.2",
      "resolved": "http://nexus.sinosafe.com.cn/repository/npm-all/methods/-/methods-1.1.2.tgz",
      "integrity": "sha1-VSmk1nZUE07cxSZmVoNbD4Ua/O4="
    },
    "mime-db": {
      "version": "1.47.0",
      "resolved": "http://nexus.sinosafe.com.cn/repository/npm-all/mime-db/-/mime-db-1.47.0.tgz",
      "integrity": "sha1-jLMT5Zll08Bc+/iYkVomevRqM1w="
    },
    "mime-types": {
      "version": "2.1.30",
      "resolved": "http://nexus.sinosafe.com.cn/repository/npm-all/mime-types/-/mime-types-2.1.30.tgz",
      "integrity": "sha1-bnvotMR5gl+F7WMmaV23P5MF1i0=",
      "requires": {
        "mime-db": "1.47.0"
      }
    },
    "ms": {
      "version": "2.0.0",
      "resolved": "http://nexus.sinosafe.com.cn/repository/npm-all/ms/-/ms-2.0.0.tgz",
      "integrity": "sha1-VgiurfwAvmwpAd9fmGF4jeDVl8g="
    },
    "mz": {
      "version": "2.7.0",
      "resolved": "http://nexus.sinosafe.com.cn/repository/npm-all/mz/-/mz-2.7.0.tgz",
      "integrity": "sha1-lQCAV6Vsr63CvGPd5/n/aVWUjjI=",
      "requires": {
        "any-promise": "^1.0.0",
        "object-assign": "^4.0.1",
        "thenify-all": "^1.0.0"
      }
    },
    "negotiator": {
      "version": "0.6.2",
      "resolved": "http://nexus.sinosafe.com.cn/repository/npm-all/negotiator/-/negotiator-0.6.2.tgz",
      "integrity": "sha1-/qz3zPUlp3rpY0Q2pkiD/+yjRvs="
    },
    "notepack.io": {
      "version": "2.2.0",
      "resolved": "http://nexus.sinosafe.com.cn/repository/npm-all/notepack.io/-/notepack.io-2.2.0.tgz",
      "integrity": "sha1-1+px0cuQCU+IxvPI2EJ3wtDNEBw="
    },
    "object-assign": {
      "version": "4.1.1",
      "resolved": "http://nexus.sinosafe.com.cn/repository/npm-all/object-assign/-/object-assign-4.1.1.tgz",
      "integrity": "sha1-IQmtx5ZYh8/AXLvUQsrIv7s2CGM="
    },
    "on-finished": {
      "version": "2.3.0",
      "resolved": "http://nexus.sinosafe.com.cn/repository/npm-all/on-finished/-/on-finished-2.3.0.tgz",
      "integrity": "sha1-IPEzZIGwg811M3mSoWlxqi2QaUc=",
      "requires": {
        "ee-first": "1.1.1"
      }
    },
    "only": {
      "version": "0.0.2",
      "resolved": "http://nexus.sinosafe.com.cn/repository/npm-all/only/-/only-0.0.2.tgz",
      "integrity": "sha1-Kv3oTQPlC5qO3EROMGEKcCle37Q="
    },
    "parseqs": {
      "version": "0.0.6",
      "resolved": "http://nexus.sinosafe.com.cn/repository/npm-all/parseqs/-/parseqs-0.0.6.tgz",
      "integrity": "sha1-jku1oZ0c3IRKCKyXTTTic6+mcNU="
    },
    "parseuri": {
      "version": "0.0.6",
      "resolved": "http://nexus.sinosafe.com.cn/repository/npm-all/parseuri/-/parseuri-0.0.6.tgz",
      "integrity": "sha1-4Ulugp46wv9H85pN0ESzKCPEolo="
    },
    "parseurl": {
      "version": "1.3.3",
      "resolved": "http://nexus.sinosafe.com.cn/repository/npm-all/parseurl/-/parseurl-1.3.3.tgz",
      "integrity": "sha1-naGee+6NEt/wUT7Vt2lXeTvC6NQ="
    },
    "path-to-regexp": {
      "version": "6.2.0",
      "resolved": "http://nexus.sinosafe.com.cn/repository/npm-all/path-to-regexp/-/path-to-regexp-6.2.0.tgz",
      "integrity": "sha1-97OAMzYQTDRoia3s5hRmkjBkXzg="
    },
    "redis": {
      "version": "3.1.2",
      "resolved": "http://nexus.sinosafe.com.cn/repository/npm-all/redis/-/redis-3.1.2.tgz",
      "integrity": "sha1-dmhREX6AZT0j4O1TYlRnerZHY4w=",
      "requires": {
        "denque": "^1.5.0",
        "redis-commands": "^1.7.0",
        "redis-errors": "^1.2.0",
        "redis-parser": "^3.0.0"
      }
    },
    "redis-commands": {
      "version": "1.7.0",
      "resolved": "http://nexus.sinosafe.com.cn/repository/npm-all/redis-commands/-/redis-commands-1.7.0.tgz",
      "integrity": "sha1-Fab+otWCgeJ7HNGs+0spPieMOok="
    },
    "redis-errors": {
      "version": "1.2.0",
      "resolved": "http://nexus.sinosafe.com.cn/repository/npm-all/redis-errors/-/redis-errors-1.2.0.tgz",
      "integrity": "sha1-62LSrbFeTq9GEMBK/hUpOEJQq60="
    },
    "redis-parser": {
      "version": "3.0.0",
      "resolved": "http://nexus.sinosafe.com.cn/repository/npm-all/redis-parser/-/redis-parser-3.0.0.tgz",
      "integrity": "sha1-tm2CjNyv5rS4pCin3vTGvKwxyLQ=",
      "requires": {
        "redis-errors": "^1.0.0"
      }
    },
    "safe-buffer": {
      "version": "5.1.2",
      "resolved": "http://nexus.sinosafe.com.cn/repository/npm-all/safe-buffer/-/safe-buffer-5.1.2.tgz",
      "integrity": "sha1-mR7GnSluAxN0fVm9/St0XDX4go0="
    },
    "setprototypeof": {
      "version": "1.1.1",
      "resolved": "http://nexus.sinosafe.com.cn/repository/npm-all/setprototypeof/-/setprototypeof-1.1.1.tgz",
      "integrity": "sha1-fpWsskqpL1iF4KvvW6ExMw1K5oM="
    },
    "socket.io": {
      "version": "2.4.1",
      "resolved": "http://nexus.sinosafe.com.cn/repository/npm-all/socket.io/-/socket.io-2.4.1.tgz",
      "integrity": "sha1-la2GHJpSNp1/Gmis8NShsW2kUdI=",
      "requires": {
        "debug": "~4.1.0",
        "engine.io": "~3.5.0",
        "has-binary2": "~1.0.2",
        "socket.io-adapter": "~1.1.0",
        "socket.io-client": "2.4.0",
        "socket.io-parser": "~3.4.0"
      },
      "dependencies": {
        "debug": {
          "version": "4.1.1",
          "resolved": "http://nexus.sinosafe.com.cn/repository/npm-all/debug/-/debug-4.1.1.tgz",
          "integrity": "sha1-O3ImAlUQnGtYnO4FDx1RYTlmR5E=",
          "requires": {
            "ms": "^2.1.1"
          }
        },
        "ms": {
          "version": "2.1.3",
          "resolved": "http://nexus.sinosafe.com.cn/repository/npm-all/ms/-/ms-2.1.3.tgz",
          "integrity": "sha1-V0yBOM4dK1hh8LRFedut1gxmFbI="
        }
      }
    },
    "socket.io-adapter": {
      "version": "1.1.2",
      "resolved": "http://nexus.sinosafe.com.cn/repository/npm-all/socket.io-adapter/-/socket.io-adapter-1.1.2.tgz",
      "integrity": "sha1-qz8Nb2a4/H/KOVmrWZH4IiF4m+k="
    },
    "socket.io-client": {
      "version": "2.4.0",
      "resolved": "http://nexus.sinosafe.com.cn/repository/npm-all/socket.io-client/-/socket.io-client-2.4.0.tgz",
      "integrity": "sha1-qvtdWUo8VaNDVVYvyK6iLtkRmjU=",
      "requires": {
        "backo2": "1.0.2",
        "component-bind": "1.0.0",
        "component-emitter": "~1.3.0",
        "debug": "~3.1.0",
        "engine.io-client": "~3.5.0",
        "has-binary2": "~1.0.2",
        "indexof": "0.0.1",
        "parseqs": "0.0.6",
        "parseuri": "0.0.6",
        "socket.io-parser": "~3.3.0",
        "to-array": "0.1.4"
      },
      "dependencies": {
        "debug": {
          "version": "3.1.0",
          "resolved": "http://nexus.sinosafe.com.cn/repository/npm-all/debug/-/debug-3.1.0.tgz",
          "integrity": "sha1-W7WgZyYotkFJVmuhaBnmFRjGcmE=",
          "requires": {
            "ms": "2.0.0"
          }
        },
        "socket.io-parser": {
          "version": "3.3.2",
          "resolved": "http://nexus.sinosafe.com.cn/repository/npm-all/socket.io-parser/-/socket.io-parser-3.3.2.tgz",
          "integrity": "sha1-74cgCdCtz3BPL76DAZGhR1KtULY=",
          "requires": {
            "component-emitter": "~1.3.0",
            "debug": "~3.1.0",
            "isarray": "2.0.1"
          }
        }
      }
    },
    "socket.io-parser": {
      "version": "3.4.1",
      "resolved": "http://nexus.sinosafe.com.cn/repository/npm-all/socket.io-parser/-/socket.io-parser-3.4.1.tgz",
      "integrity": "sha1-sGr4ODApdYN+qy3JgAN9okBU1ko=",
      "requires": {
        "component-emitter": "1.2.1",
        "debug": "~4.1.0",
        "isarray": "2.0.1"
      },
      "dependencies": {
        "component-emitter": {
          "version": "1.2.1",
          "resolved": "http://nexus.sinosafe.com.cn/repository/npm-all/component-emitter/-/component-emitter-1.2.1.tgz",
          "integrity": "sha1-E3kY1teCg/ffemt8WmPhQOaUJeY="
        },
        "debug": {
          "version": "4.1.1",
          "resolved": "http://nexus.sinosafe.com.cn/repository/npm-all/debug/-/debug-4.1.1.tgz",
          "integrity": "sha1-O3ImAlUQnGtYnO4FDx1RYTlmR5E=",
          "requires": {
            "ms": "^2.1.1"
          }
        },
        "ms": {
          "version": "2.1.3",
          "resolved": "http://nexus.sinosafe.com.cn/repository/npm-all/ms/-/ms-2.1.3.tgz",
          "integrity": "sha1-V0yBOM4dK1hh8LRFedut1gxmFbI="
        }
      }
    },
    "socket.io-redis": {
      "version": "5.4.0",
      "resolved": "http://nexus.sinosafe.com.cn/repository/npm-all/socket.io-redis/-/socket.io-redis-5.4.0.tgz",
      "integrity": "sha1-1Uu4t1fQTpwJmdmkrQf8bDG8hI8=",
      "requires": {
        "debug": "~4.1.0",
        "notepack.io": "~2.2.0",
        "redis": "^3.0.0",
        "socket.io-adapter": "~1.1.0",
        "uid2": "0.0.3"
      },
      "dependencies": {
        "debug": {
          "version": "4.1.1",
          "resolved": "http://nexus.sinosafe.com.cn/repository/npm-all/debug/-/debug-4.1.1.tgz",
          "integrity": "sha1-O3ImAlUQnGtYnO4FDx1RYTlmR5E=",
          "requires": {
            "ms": "^2.1.1"
          }
        },
        "ms": {
          "version": "2.1.3",
          "resolved": "http://nexus.sinosafe.com.cn/repository/npm-all/ms/-/ms-2.1.3.tgz",
          "integrity": "sha1-V0yBOM4dK1hh8LRFedut1gxmFbI="
        }
      }
    },
    "statuses": {
      "version": "1.5.0",
      "resolved": "http://nexus.sinosafe.com.cn/repository/npm-all/statuses/-/statuses-1.5.0.tgz",
      "integrity": "sha1-Fhx9rBd2Wf2YEfQ3cfqZOBR4Yow="
    },
    "thenify": {
      "version": "3.3.1",
      "resolved": "http://nexus.sinosafe.com.cn/repository/npm-all/thenify/-/thenify-3.3.1.tgz",
      "integrity": "sha1-iTLmhqQGYDigFt2eLKRq3Zg4qV8=",
      "requires": {
        "any-promise": "^1.0.0"
      }
    },
    "thenify-all": {
      "version": "1.6.0",
      "resolved": "http://nexus.sinosafe.com.cn/repository/npm-all/thenify-all/-/thenify-all-1.6.0.tgz",
      "integrity": "sha1-GhkY1ALY/D+Y+/I02wvMjMEOlyY=",
      "requires": {
        "thenify": ">= 3.1.0 < 4"
      }
    },
    "to-array": {
      "version": "0.1.4",
      "resolved": "http://nexus.sinosafe.com.cn/repository/npm-all/to-array/-/to-array-0.1.4.tgz",
      "integrity": "sha1-F+bBH3PdTz10zaek/zI46a2b+JA="
    },
    "toidentifier": {
      "version": "1.0.0",
      "resolved": "http://nexus.sinosafe.com.cn/repository/npm-all/toidentifier/-/toidentifier-1.0.0.tgz",
      "integrity": "sha1-fhvjRw8ed5SLxD2Uo8j013UrpVM="
    },
    "tsscmp": {
      "version": "1.0.6",
      "resolved": "http://nexus.sinosafe.com.cn/repository/npm-all/tsscmp/-/tsscmp-1.0.6.tgz",
      "integrity": "sha1-hbmVg6w1iexL/vgltQAKqRHWBes="
    },
    "type-is": {
      "version": "1.6.18",
      "resolved": "http://nexus.sinosafe.com.cn/repository/npm-all/type-is/-/type-is-1.6.18.tgz",
      "integrity": "sha1-TlUs0F3wlGfcvE73Od6J8s83wTE=",
      "requires": {
        "media-typer": "0.3.0",
        "mime-types": "~2.1.24"
      }
    },
    "uid2": {
      "version": "0.0.3",
      "resolved": "http://nexus.sinosafe.com.cn/repository/npm-all/uid2/-/uid2-0.0.3.tgz",
      "integrity": "sha1-SDEm4Rd03y9xuLY53NeZw3YWK4I="
    },
    "vary": {
      "version": "1.1.2",
      "resolved": "http://nexus.sinosafe.com.cn/repository/npm-all/vary/-/vary-1.1.2.tgz",
      "integrity": "sha1-IpnwLG3tMNSllhsLn3RSShj2NPw="
    },
    "ws": {
      "version": "7.4.5",
      "resolved": "http://nexus.sinosafe.com.cn/repository/npm-all/ws/-/ws-7.4.5.tgz",
      "integrity": "sha1-pITdhR6b62/bQgAn44hejOSJhsE="
    },
    "xmlhttprequest-ssl": {
      "version": "1.6.2",
      "resolved": "http://nexus.sinosafe.com.cn/repository/npm-all/xmlhttprequest-ssl/-/xmlhttprequest-ssl-1.6.2.tgz",
      "integrity": "sha1-3WiZv7z2hLVU45PDCxO587ABp+4="
    },
    "yeast": {
      "version": "0.1.2",
      "resolved": "http://nexus.sinosafe.com.cn/repository/npm-all/yeast/-/yeast-0.1.2.tgz",
      "integrity": "sha1-AI4G2AlDIMNy28L47XagymyKxBk="
    },
    "ylru": {
      "version": "1.2.1",
      "resolved": "http://nexus.sinosafe.com.cn/repository/npm-all/ylru/-/ylru-1.2.1.tgz",
      "integrity": "sha1-9Xa2M0FUeYnB3nuiiHYJI7J/6E8="
    }
  }
}
